
Microsoft Visual Studio Solution File, Format Version 12.00
# Visual Studio 2013
VisualStudioVersion = 12.0.40629.0
MinimumVisualStudioVersion = 10.0.40219.1
Project("{F184B08F-C81C-45F6-A57F-5ABD9991F28F}") = "CoballiumLib", "CoballiumLib.vbproj", "{C49A29D1-181F-4E11-B3A4-5D3FFA6A0401}"
EndProject
Global
	GlobalSection(SolutionConfigurationPlatforms) = preSolution
		Debug|Any CPU = Debug|Any CPU
		Debug|ARM = Debug|ARM
		Debug|x86 = Debug|x86
		Release|Any CPU = Release|Any CPU
		Release|ARM = Release|ARM
		Release|x86 = Release|x86
	EndGlobalSection
	GlobalSection(ProjectConfigurationPlatforms) = postSolution
		{C49A29D1-181F-4E11-B3A4-5D3FFA6A0401}.Debug|Any CPU.ActiveCfg = Debug|Any CPU
		{C49A29D1-181F-4E11-B3A4-5D3FFA6A0401}.Debug|Any CPU.Build.0 = Debug|Any CPU
		{C49A29D1-181F-4E11-B3A4-5D3FFA6A0401}.Debug|ARM.ActiveCfg = Debug|ARM
		{C49A29D1-181F-4E11-B3A4-5D3FFA6A0401}.Debug|ARM.Build.0 = Debug|ARM
		{C49A29D1-181F-4E11-B3A4-5D3FFA6A0401}.Debug|x86.ActiveCfg = Debug|x86
		{C49A29D1-181F-4E11-B3A4-5D3FFA6A0401}.Debug|x86.Build.0 = Debug|x86
		{C49A29D1-181F-4E11-B3A4-5D3FFA6A0401}.Release|Any CPU.ActiveCfg = Release|Any CPU
		{C49A29D1-181F-4E11-B3A4-5D3FFA6A0401}.Release|Any CPU.Build.0 = Release|Any CPU
		{C49A29D1-181F-4E11-B3A4-5D3FFA6A0401}.Release|ARM.ActiveCfg = Release|ARM
		{C49A29D1-181F-4E11-B3A4-5D3FFA6A0401}.Release|ARM.Build.0 = Release|ARM
		{C49A29D1-181F-4E11-B3A4-5D3FFA6A0401}.Release|x86.ActiveCfg = Release|x86
		{C49A29D1-181F-4E11-B3A4-5D3FFA6A0401}.Release|x86.Build.0 = Release|x86
	EndGlobalSection
	GlobalSection(SolutionProperties) = preSolution
		HideSolutionNode = FALSE
	EndGlobalSection
EndGlobal
